
Microsoft Visual Studio Solution File, Format Version 12.00
# Visual Studio 15
VisualStudioVersion = 15.0.28010.2016
MinimumVisualStudioVersion = 10.0.40219.1
Project("{FAE04EC0-301F-11D3-BF4B-00C04F79EFBC}") = "Presentation.Converters", "Presentation.Converters\Presentation.Converters.csproj", "{3419BE9C-B574-4622-94FE-D33B19BB61AD}"
EndProject
Project("{FAE04EC0-301F-11D3-BF4B-00C04F79EFBC}") = "Presentation.Converters.Tests", "Presentation.Converters.Tests\Presentation.Converters.Tests.csproj", "{02C40E24-49A3-4429-A9B6-688C6C7C2586}"
EndProject
Global
	GlobalSection(SolutionConfigurationPlatforms) = preSolution
		Debug|Any CPU = Debug|Any CPU
		Release|Any CPU = Release|Any CPU
	EndGlobalSection
	GlobalSection(ProjectConfigurationPlatforms) = postSolution
		{3419BE9C-B574-4622-94FE-D33B19BB61AD}.Debug|Any CPU.ActiveCfg = Debug|Any CPU
		{3419BE9C-B574-4622-94FE-D33B19BB61AD}.Debug|Any CPU.Build.0 = Debug|Any CPU
		{3419BE9C-B574-4622-94FE-D33B19BB61AD}.Release|Any CPU.ActiveCfg = Release|Any CPU
		{3419BE9C-B574-4622-94FE-D33B19BB61AD}.Release|Any CPU.Build.0 = Release|Any CPU
		{02C40E24-49A3-4429-A9B6-688C6C7C2586}.Debug|Any CPU.ActiveCfg = Debug|Any CPU
		{02C40E24-49A3-4429-A9B6-688C6C7C2586}.Debug|Any CPU.Build.0 = Debug|Any CPU
		{02C40E24-49A3-4429-A9B6-688C6C7C2586}.Release|Any CPU.ActiveCfg = Release|Any CPU
		{02C40E24-49A3-4429-A9B6-688C6C7C2586}.Release|Any CPU.Build.0 = Release|Any CPU
	EndGlobalSection
	GlobalSection(SolutionProperties) = preSolution
		HideSolutionNode = FALSE
	EndGlobalSection
	GlobalSection(ExtensibilityGlobals) = postSolution
		SolutionGuid = {E1EB0E26-C386-4CAD-BA55-0498D663EB39}
	EndGlobalSection
EndGlobal
